<?xml version="1.0" encoding="utf-8"?>
<Project ToolsVersion="4.0" xmlns="http://schemas.microsoft.com/developer/msbuild/2003">
  <ItemGroup>
    <Filter Include="Source Files">
      <UniqueIdentifier>{4FC737F1-C7A5-4376-A066-2A32D752A2FF}</UniqueIdentifier>
      <Extensions>cpp;c;cc;cxx;c++;cppm;ixx;def;odl;idl;hpj;bat;asm;asmx</Extensions>
    </Filter>
    <Filter Include="Header Files">
      <UniqueIdentifier>{93995380-89BD-4b04-88EB-625FBE52EBFB}</UniqueIdentifier>
      <Extensions>h;hh;hpp;hxx;h++;hm;inl;inc;ipp;xsd</Extensions>
    </Filter>
    <Filter Include="Resource Files">
      <UniqueIdentifier>{67DA6AB6-F800-4c08-8B7A-83BB121AAD01}</UniqueIdentifier>
      <Extensions>rc;ico;cur;bmp;dlg;rc2;rct;bin;rgs;gif;jpg;jpeg;jpe;resx;tiff;tif;png;wav;mfcribbon-ms</Extensions>
    </Filter>
    <Filter Include="Header Files\ClassesDoMenu">
      <UniqueIdentifier>{48caa73f-fafa-447b-82a8-b0ca843e5a09}</UniqueIdentifier>
    </Filter>
    <Filter Include="Header Files\ClassesEntidades">
      <UniqueIdentifier>{83e2649f-44b5-43dc-b0de-c893f9d5ab0a}</UniqueIdentifier>
    </Filter>
    <Filter Include="Source Files\ClassesDoMenu">
      <UniqueIdentifier>{d625638a-4e32-43c1-9d42-7a4d6ebeca79}</UniqueIdentifier>
    </Filter>
    <Filter Include="Source Files\ClassesEntidades">
      <UniqueIdentifier>{a7a455b5-5bd5-4048-996c-8e429881d06e}</UniqueIdentifier>
    </Filter>
  </ItemGroup>
  <ItemGroup>
    <ClCompile Include="Menu.cpp">
      <Filter>Source Files\ClassesDoMenu</Filter>
    </ClCompile>
    <ClCompile Include="Aluno.cpp">
      <Filter>Source Files\ClassesEntidades</Filter>
    </ClCompile>
    <ClCompile Include="Universidade.cpp">
      <Filter>Source Files\ClassesEntidades</Filter>
    </ClCompile>
    <ClCompile Include="main.cpp">
      <Filter>Source Files</Filter>
    </ClCompile>
    <ClCompile Include="Salvar.cpp">
      <Filter>Source Files\ClassesDoMenu</Filter>
    </ClCompile>
    <ClCompile Include="Exibir.cpp">
      <Filter>Source Files\ClassesDoMenu</Filter>
    </ClCompile>
    <ClCompile Include="Recuperar.cpp">
      <Filter>Source Files\ClassesDoMenu</Filter>
    </ClCompile>
    <ClCompile Include="Cadastrar.cpp">
      <Filter>Source Files\ClassesDoMenu</Filter>
    </ClCompile>
    <ClCompile Include="SistemaAcademico.cpp">
      <Filter>Source Files</Filter>
    </ClCompile>
    <ClCompile Include="Principal.cpp">
      <Filter>Source Files</Filter>
    </ClCompile>
    <ClCompile Include="Disciplina.cpp">
      <Filter>Source Files\ClassesEntidades</Filter>
    </ClCompile>
    <ClCompile Include="Departamento.h">
      <Filter>Header Files\ClassesEntidades</Filter>
    </ClCompile>
    <ClCompile Include="Departamento.cpp">
      <Filter>Source Files\ClassesEntidades</Filter>
    </ClCompile>
  </ItemGroup>
  <ItemGroup>
    <ClInclude Include="Menu.h">
      <Filter>Header Files\ClassesDoMenu</Filter>
    </ClInclude>
    <ClInclude Include="Aluno.h">
      <Filter>Header Files\ClassesEntidades</Filter>
    </ClInclude>
    <ClInclude Include="Universidade.h">
      <Filter>Header Files\ClassesEntidades</Filter>
    </ClInclude>
    <ClInclude Include="Cadastro.h">
      <Filter>Header Files\ClassesDoMenu</Filter>
    </ClInclude>
    <ClInclude Include="Exibir.h">
      <Filter>Header Files\ClassesDoMenu</Filter>
    </ClInclude>
    <ClInclude Include="Salvar.h">
      <Filter>Header Files\ClassesDoMenu</Filter>
    </ClInclude>
    <ClInclude Include="Recuperar.h">
      <Filter>Header Files\ClassesDoMenu</Filter>
    </ClInclude>
    <ClInclude Include="SistemaAcademico.h">
      <Filter>Header Files</Filter>
    </ClInclude>
    <ClInclude Include="Principal.h">
      <Filter>Header Files</Filter>
    </ClInclude>
    <ClInclude Include="Disciplina.h">
      <Filter>Header Files\ClassesEntidades</Filter>
    </ClInclude>
  </ItemGroup>
</Project>